{
  "name": "store",
  "lockfileVersion": 3,
  "requires": true,
  "packages": {
    "": {
      "dependencies": {
        "navigate": "^0.3.6"
      }
    },
    "node_modules/navigate": {
      "version": "0.3.6",
      "resolved": "https://registry.npmjs.org/navigate/-/navigate-0.3.6.tgz",
      "integrity": "sha512-2m4e51H3BFTRs3xEWTZDRw+0QByI6245oDGQyubaEJNI0R/Htf6Oh4Hw6VH5dsWYD82iAwpnanXDmECKEuXPGQ==",
      "engines": {
        "node": "*"
      }
    }
  }
}
